
Microsoft Visual Studio Solution File, Format Version 12.00
# Visual Studio Version 17
VisualStudioVersion = 17.9.34622.214
MinimumVisualStudioVersion = 10.0.40219.1
Project("{9A19103F-16F7-4668-BE54-9A1E7A4F7556}") = "Lab02", "Lab02\Lab02.csproj", "{CD660433-2A2F-42C2-AF37-58E9D14A9DD9}"
EndProject
Global
	GlobalSection(SolutionConfigurationPlatforms) = preSolution
		Debug|Any CPU = Debug|Any CPU
		Release|Any CPU = Release|Any CPU
	EndGlobalSection
	GlobalSection(ProjectConfigurationPlatforms) = postSolution
		{CD660433-2A2F-42C2-AF37-58E9D14A9DD9}.Debug|Any CPU.ActiveCfg = Debug|Any CPU
		{CD660433-2A2F-42C2-AF37-58E9D14A9DD9}.Debug|Any CPU.Build.0 = Debug|Any CPU
		{CD660433-2A2F-42C2-AF37-58E9D14A9DD9}.Release|Any CPU.ActiveCfg = Release|Any CPU
		{CD660433-2A2F-42C2-AF37-58E9D14A9DD9}.Release|Any CPU.Build.0 = Release|Any CPU
	EndGlobalSection
	GlobalSection(SolutionProperties) = preSolution
		HideSolutionNode = FALSE
	EndGlobalSection
	GlobalSection(ExtensibilityGlobals) = postSolution
		SolutionGuid = {94A5F27C-0F32-4F6F-A706-29F2C6F2083E}
	EndGlobalSection
EndGlobal
